
Microsoft Visual Studio Solution File, Format Version 12.00
# Visual Studio Version 16
VisualStudioVersion = 16.0.29613.14
MinimumVisualStudioVersion = 10.0.40219.1
Project("{FAE04EC0-301F-11D3-BF4B-00C04F79EFBC}") = "WrapAround", "WrapAround\WrapAround.csproj", "{BBFA086B-AC43-4C24-9224-219EA3A594A3}"
EndProject
Project("{FAE04EC0-301F-11D3-BF4B-00C04F79EFBC}") = "WrapAround.Logic", "WrapAround.Logic\WrapAround.Logic.csproj", "{28F8DE14-6A89-4A05-B4A4-A6DD9A495F8B}"
EndProject
Global
	GlobalSection(SolutionConfigurationPlatforms) = preSolution
		Debug|Any CPU = Debug|Any CPU
		Release|Any CPU = Release|Any CPU
	EndGlobalSection
	GlobalSection(ProjectConfigurationPlatforms) = postSolution
		{BBFA086B-AC43-4C24-9224-219EA3A594A3}.Debug|Any CPU.ActiveCfg = Debug|Any CPU
		{BBFA086B-AC43-4C24-9224-219EA3A594A3}.Debug|Any CPU.Build.0 = Debug|Any CPU
		{BBFA086B-AC43-4C24-9224-219EA3A594A3}.Release|Any CPU.ActiveCfg = Release|Any CPU
		{BBFA086B-AC43-4C24-9224-219EA3A594A3}.Release|Any CPU.Build.0 = Release|Any CPU
		{28F8DE14-6A89-4A05-B4A4-A6DD9A495F8B}.Debug|Any CPU.ActiveCfg = Debug|Any CPU
		{28F8DE14-6A89-4A05-B4A4-A6DD9A495F8B}.Debug|Any CPU.Build.0 = Debug|Any CPU
		{28F8DE14-6A89-4A05-B4A4-A6DD9A495F8B}.Release|Any CPU.ActiveCfg = Release|Any CPU
		{28F8DE14-6A89-4A05-B4A4-A6DD9A495F8B}.Release|Any CPU.Build.0 = Release|Any CPU
	EndGlobalSection
	GlobalSection(SolutionProperties) = preSolution
		HideSolutionNode = FALSE
	EndGlobalSection
	GlobalSection(ExtensibilityGlobals) = postSolution
		SolutionGuid = {8D0C2E3A-F7E7-4D39-A653-DF3F2CE7DB4A}
	EndGlobalSection
EndGlobal
