
Microsoft Visual Studio Solution File, Format Version 12.00
# Visual Studio Version 16
VisualStudioVersion = 16.0.29613.14
MinimumVisualStudioVersion = 10.0.40219.1
Project("{9A19103F-16F7-4668-BE54-9A1E7A4F7556}") = "WrapAround", "WrapAround\WrapAround.csproj", "{BBFA086B-AC43-4C24-9224-219EA3A594A3}"
EndProject
Project("{9A19103F-16F7-4668-BE54-9A1E7A4F7556}") = "WrapAround.Logic", "WrapAround.Logic\WrapAround.Logic.csproj", "{28F8DE14-6A89-4A05-B4A4-A6DD9A495F8B}"
EndProject
Project("{2150E333-8FDC-42A3-9474-1A3956D46DE8}") = "Solution Items", "Solution Items", "{CCCF3689-AD69-404B-B142-5BC4CE7266A9}"
	ProjectSection(SolutionItems) = preProject
		.editorconfig = .editorconfig
	EndProjectSection
EndProject
Project("{FAE04EC0-301F-11D3-BF4B-00C04F79EFBC}") = "WrapAround.Tests", "WrapAround.Tests\WrapAround.Tests.csproj", "{CD64C551-3B51-40AA-B1BA-584BAC3A2598}"
EndProject
Global
	GlobalSection(SolutionConfigurationPlatforms) = preSolution
		Debug|Any CPU = Debug|Any CPU
		Release|Any CPU = Release|Any CPU
	EndGlobalSection
	GlobalSection(ProjectConfigurationPlatforms) = postSolution
		{BBFA086B-AC43-4C24-9224-219EA3A594A3}.Debug|Any CPU.ActiveCfg = Debug|Any CPU
		{BBFA086B-AC43-4C24-9224-219EA3A594A3}.Debug|Any CPU.Build.0 = Debug|Any CPU
		{BBFA086B-AC43-4C24-9224-219EA3A594A3}.Release|Any CPU.ActiveCfg = Release|Any CPU
		{BBFA086B-AC43-4C24-9224-219EA3A594A3}.Release|Any CPU.Build.0 = Release|Any CPU
		{28F8DE14-6A89-4A05-B4A4-A6DD9A495F8B}.Debug|Any CPU.ActiveCfg = Debug|Any CPU
		{28F8DE14-6A89-4A05-B4A4-A6DD9A495F8B}.Debug|Any CPU.Build.0 = Debug|Any CPU
		{28F8DE14-6A89-4A05-B4A4-A6DD9A495F8B}.Release|Any CPU.ActiveCfg = Release|Any CPU
		{28F8DE14-6A89-4A05-B4A4-A6DD9A495F8B}.Release|Any CPU.Build.0 = Release|Any CPU
		{CD64C551-3B51-40AA-B1BA-584BAC3A2598}.Debug|Any CPU.ActiveCfg = Debug|Any CPU
		{CD64C551-3B51-40AA-B1BA-584BAC3A2598}.Debug|Any CPU.Build.0 = Debug|Any CPU
		{CD64C551-3B51-40AA-B1BA-584BAC3A2598}.Release|Any CPU.ActiveCfg = Release|Any CPU
		{CD64C551-3B51-40AA-B1BA-584BAC3A2598}.Release|Any CPU.Build.0 = Release|Any CPU
	EndGlobalSection
	GlobalSection(SolutionProperties) = preSolution
		HideSolutionNode = FALSE
	EndGlobalSection
	GlobalSection(ExtensibilityGlobals) = postSolution
		SolutionGuid = {8D0C2E3A-F7E7-4D39-A653-DF3F2CE7DB4A}
	EndGlobalSection
EndGlobal
